
Microsoft Visual Studio Solution File, Format Version 12.00
# Visual Studio Version 16
VisualStudioVersion = 16.0.31624.102
MinimumVisualStudioVersion = 10.0.40219.1
Project("{FAE04EC0-301F-11D3-BF4B-00C04F79EFBC}") = "Projekt_OOP", "Projekt_OOP.csproj", "{817AA3C8-448E-4E1C-9669-99F96E159901}"
EndProject
Project("{2150E333-8FDC-42A3-9474-1A3956D46DE8}") = "Solution Items", "Solution Items", "{F7D45EC2-1104-4CB7-84CC-3D812285DF31}"
EndProject
Global
	GlobalSection(SolutionConfigurationPlatforms) = preSolution
		Debug|Any CPU = Debug|Any CPU
		Release|Any CPU = Release|Any CPU
	EndGlobalSection
	GlobalSection(ProjectConfigurationPlatforms) = postSolution
		{817AA3C8-448E-4E1C-9669-99F96E159901}.Debug|Any CPU.ActiveCfg = Debug|Any CPU
		{817AA3C8-448E-4E1C-9669-99F96E159901}.Debug|Any CPU.Build.0 = Debug|Any CPU
		{817AA3C8-448E-4E1C-9669-99F96E159901}.Release|Any CPU.ActiveCfg = Release|Any CPU
		{817AA3C8-448E-4E1C-9669-99F96E159901}.Release|Any CPU.Build.0 = Release|Any CPU
	EndGlobalSection
	GlobalSection(SolutionProperties) = preSolution
		HideSolutionNode = FALSE
	EndGlobalSection
	GlobalSection(ExtensibilityGlobals) = postSolution
		SolutionGuid = {23EF26AF-27EC-43B1-8A4A-1B76044E29F6}
	EndGlobalSection
EndGlobal
